
Microsoft Visual Studio Solution File, Format Version 12.00
# Visual Studio Version 17
VisualStudioVersion = 17.14.36930.0 d17.14
MinimumVisualStudioVersion = 10.0.40219.1
Project("{FAE04EC0-301F-11D3-BF4B-00C04F79EFBC}") = "WPFLayoutX", "WPFLayoutX\WPFLayoutX.csproj", "{322A72F0-10FC-4F9C-9BCA-182A8F6093BE}"
EndProject
Global
	GlobalSection(SolutionConfigurationPlatforms) = preSolution
		Debug|Any CPU = Debug|Any CPU
		Release|Any CPU = Release|Any CPU
	EndGlobalSection
	GlobalSection(ProjectConfigurationPlatforms) = postSolution
		{322A72F0-10FC-4F9C-9BCA-182A8F6093BE}.Debug|Any CPU.ActiveCfg = Debug|Any CPU
		{322A72F0-10FC-4F9C-9BCA-182A8F6093BE}.Debug|Any CPU.Build.0 = Debug|Any CPU
		{322A72F0-10FC-4F9C-9BCA-182A8F6093BE}.Release|Any CPU.ActiveCfg = Release|Any CPU
		{322A72F0-10FC-4F9C-9BCA-182A8F6093BE}.Release|Any CPU.Build.0 = Release|Any CPU
	EndGlobalSection
	GlobalSection(SolutionProperties) = preSolution
		HideSolutionNode = FALSE
	EndGlobalSection
	GlobalSection(ExtensibilityGlobals) = postSolution
		SolutionGuid = {E63C543D-1D15-46B1-9CC6-6CBA2ACAD107}
	EndGlobalSection
EndGlobal
